
Microsoft Visual Studio Solution File, Format Version 12.00
# Visual Studio Version 16
VisualStudioVersion = 16.0.30611.23
MinimumVisualStudioVersion = 10.0.40219.1
Project("{2150E333-8FDC-42A3-9474-1A3956D46DE8}") = "src", "src", "{142A85E2-7351-4BF6-8322-17B9A7AF98F7}"
EndProject
Project("{2150E333-8FDC-42A3-9474-1A3956D46DE8}") = "tests", "tests", "{E2120723-DC9A-43FD-B099-EAEE9325A62A}"
EndProject
Project("{9A19103F-16F7-4668-BE54-9A1E7A4F7556}") = "CodeDesignPlus.Core", "src\CodeDesignPlus.Core\CodeDesignPlus.Core.csproj", "{3CB3A705-7566-4D97-8238-9D5FFEF357BA}"
EndProject
Project("{9A19103F-16F7-4668-BE54-9A1E7A4F7556}") = "CodeDesignPlus.Core.Test", "tests\CodeDesignPlus.Core.Test\CodeDesignPlus.Core.Test.csproj", "{3B2CB4CE-045A-4146-86D6-4197772A17B9}"
EndProject
Project("{2150E333-8FDC-42A3-9474-1A3956D46DE8}") = "Solution Items", "Solution Items", "{77520AE5-EA3C-430B-BEFA-E863A3F846D9}"
	ProjectSection(SolutionItems) = preProject
		LICENSE.md = LICENSE.md
		run-scanner-sonarqube.ps1 = run-scanner-sonarqube.ps1
	EndProjectSection
EndProject
Global
	GlobalSection(SolutionConfigurationPlatforms) = preSolution
		Debug|Any CPU = Debug|Any CPU
		Release|Any CPU = Release|Any CPU
	EndGlobalSection
	GlobalSection(ProjectConfigurationPlatforms) = postSolution
		{3CB3A705-7566-4D97-8238-9D5FFEF357BA}.Debug|Any CPU.ActiveCfg = Debug|Any CPU
		{3CB3A705-7566-4D97-8238-9D5FFEF357BA}.Debug|Any CPU.Build.0 = Debug|Any CPU
		{3CB3A705-7566-4D97-8238-9D5FFEF357BA}.Release|Any CPU.ActiveCfg = Release|Any CPU
		{3CB3A705-7566-4D97-8238-9D5FFEF357BA}.Release|Any CPU.Build.0 = Release|Any CPU
		{3B2CB4CE-045A-4146-86D6-4197772A17B9}.Debug|Any CPU.ActiveCfg = Debug|Any CPU
		{3B2CB4CE-045A-4146-86D6-4197772A17B9}.Debug|Any CPU.Build.0 = Debug|Any CPU
		{3B2CB4CE-045A-4146-86D6-4197772A17B9}.Release|Any CPU.ActiveCfg = Release|Any CPU
		{3B2CB4CE-045A-4146-86D6-4197772A17B9}.Release|Any CPU.Build.0 = Release|Any CPU
	EndGlobalSection
	GlobalSection(SolutionProperties) = preSolution
		HideSolutionNode = FALSE
	EndGlobalSection
	GlobalSection(NestedProjects) = preSolution
		{3CB3A705-7566-4D97-8238-9D5FFEF357BA} = {142A85E2-7351-4BF6-8322-17B9A7AF98F7}
		{3B2CB4CE-045A-4146-86D6-4197772A17B9} = {E2120723-DC9A-43FD-B099-EAEE9325A62A}
	EndGlobalSection
	GlobalSection(ExtensibilityGlobals) = postSolution
		SolutionGuid = {AA90245B-9218-44D1-8044-EA54828BC167}
	EndGlobalSection
EndGlobal
